
Microsoft Visual Studio Solution File, Format Version 12.00
# Visual Studio Version 16
VisualStudioVersion = 16.0.31424.327
MinimumVisualStudioVersion = 10.0.40219.1
Project("{FAE04EC0-301F-11D3-BF4B-00C04F79EFBC}") = "Practice10", "Practice10\Practice10.csproj", "{3F7F1567-3C34-4925-BF98-9708B51CB71D}"
EndProject
Project("{FAE04EC0-301F-11D3-BF4B-00C04F79EFBC}") = "EmployeeDataAccess", "EmployeeDataAccess\EmployeeDataAccess.csproj", "{0E28A5C5-56C9-44D2-8B33-D3B4B869A26A}"
EndProject
Global
	GlobalSection(SolutionConfigurationPlatforms) = preSolution
		Debug|Any CPU = Debug|Any CPU
		Release|Any CPU = Release|Any CPU
	EndGlobalSection
	GlobalSection(ProjectConfigurationPlatforms) = postSolution
		{3F7F1567-3C34-4925-BF98-9708B51CB71D}.Debug|Any CPU.ActiveCfg = Debug|Any CPU
		{3F7F1567-3C34-4925-BF98-9708B51CB71D}.Debug|Any CPU.Build.0 = Debug|Any CPU
		{3F7F1567-3C34-4925-BF98-9708B51CB71D}.Release|Any CPU.ActiveCfg = Release|Any CPU
		{3F7F1567-3C34-4925-BF98-9708B51CB71D}.Release|Any CPU.Build.0 = Release|Any CPU
		{0E28A5C5-56C9-44D2-8B33-D3B4B869A26A}.Debug|Any CPU.ActiveCfg = Debug|Any CPU
		{0E28A5C5-56C9-44D2-8B33-D3B4B869A26A}.Debug|Any CPU.Build.0 = Debug|Any CPU
		{0E28A5C5-56C9-44D2-8B33-D3B4B869A26A}.Release|Any CPU.ActiveCfg = Release|Any CPU
		{0E28A5C5-56C9-44D2-8B33-D3B4B869A26A}.Release|Any CPU.Build.0 = Release|Any CPU
	EndGlobalSection
	GlobalSection(SolutionProperties) = preSolution
		HideSolutionNode = FALSE
	EndGlobalSection
	GlobalSection(ExtensibilityGlobals) = postSolution
		SolutionGuid = {203313AF-B6A0-4739-AA98-96E34B3C309F}
	EndGlobalSection
EndGlobal
