
Microsoft Visual Studio Solution File, Format Version 12.00
# Visual Studio Version 16
VisualStudioVersion = 16.0.31424.327
MinimumVisualStudioVersion = 10.0.40219.1
Project("{FAE04EC0-301F-11D3-BF4B-00C04F79EFBC}") = "EmployeeService", "EmployeeService\EmployeeService.csproj", "{6267EA0A-DABB-419A-92F7-BD249ACF2059}"
EndProject
Project("{FAE04EC0-301F-11D3-BF4B-00C04F79EFBC}") = "EmployeeDataAccess", "EmployeeDataAcess\EmployeeDataAccess.csproj", "{EF547AAE-4F8F-4703-AE9E-4ECEC197B41E}"
EndProject
Global
	GlobalSection(SolutionConfigurationPlatforms) = preSolution
		Debug|Any CPU = Debug|Any CPU
		Release|Any CPU = Release|Any CPU
	EndGlobalSection
	GlobalSection(ProjectConfigurationPlatforms) = postSolution
		{6267EA0A-DABB-419A-92F7-BD249ACF2059}.Debug|Any CPU.ActiveCfg = Debug|Any CPU
		{6267EA0A-DABB-419A-92F7-BD249ACF2059}.Debug|Any CPU.Build.0 = Debug|Any CPU
		{6267EA0A-DABB-419A-92F7-BD249ACF2059}.Release|Any CPU.ActiveCfg = Release|Any CPU
		{6267EA0A-DABB-419A-92F7-BD249ACF2059}.Release|Any CPU.Build.0 = Release|Any CPU
		{EF547AAE-4F8F-4703-AE9E-4ECEC197B41E}.Debug|Any CPU.ActiveCfg = Debug|Any CPU
		{EF547AAE-4F8F-4703-AE9E-4ECEC197B41E}.Debug|Any CPU.Build.0 = Debug|Any CPU
		{EF547AAE-4F8F-4703-AE9E-4ECEC197B41E}.Release|Any CPU.ActiveCfg = Release|Any CPU
		{EF547AAE-4F8F-4703-AE9E-4ECEC197B41E}.Release|Any CPU.Build.0 = Release|Any CPU
	EndGlobalSection
	GlobalSection(SolutionProperties) = preSolution
		HideSolutionNode = FALSE
	EndGlobalSection
	GlobalSection(ExtensibilityGlobals) = postSolution
		SolutionGuid = {C7329240-9D9D-4DF8-BC05-2D98E4B0C37B}
	EndGlobalSection
EndGlobal
