
Microsoft Visual Studio Solution File, Format Version 12.00
# Visual Studio Version 16
VisualStudioVersion = 16.0.31424.327
MinimumVisualStudioVersion = 10.0.40219.1
Project("{FAE04EC0-301F-11D3-BF4B-00C04F79EFBC}") = "Øvelse3", "Øvelse3\Øvelse3.csproj", "{AAB529D0-368C-4138-B028-3551F9AF2B7F}"
EndProject
Global
	GlobalSection(SolutionConfigurationPlatforms) = preSolution
		Debug|Any CPU = Debug|Any CPU
		Release|Any CPU = Release|Any CPU
	EndGlobalSection
	GlobalSection(ProjectConfigurationPlatforms) = postSolution
		{AAB529D0-368C-4138-B028-3551F9AF2B7F}.Debug|Any CPU.ActiveCfg = Debug|Any CPU
		{AAB529D0-368C-4138-B028-3551F9AF2B7F}.Debug|Any CPU.Build.0 = Debug|Any CPU
		{AAB529D0-368C-4138-B028-3551F9AF2B7F}.Release|Any CPU.ActiveCfg = Release|Any CPU
		{AAB529D0-368C-4138-B028-3551F9AF2B7F}.Release|Any CPU.Build.0 = Release|Any CPU
	EndGlobalSection
	GlobalSection(SolutionProperties) = preSolution
		HideSolutionNode = FALSE
	EndGlobalSection
	GlobalSection(ExtensibilityGlobals) = postSolution
		SolutionGuid = {255F6BD6-2A94-44CC-A515-C38D8D057ABE}
	EndGlobalSection
EndGlobal
